{
  "nodes": {
    "disko": {
      "inputs": {
        "nixpkgs": [
          "nixpkgs"
        ]
      },
      "locked": {
        "lastModified": 1727531434,
        "narHash": "sha256-b+GBgCWd2N6pkiTkRZaMFOPztPO4IVTaclYPrQl2uLk=",
        "owner": "nix-community",
        "repo": "disko",
        "rev": "b709e1cc33fcde71c7db43850a55ebe6449d0959",
        "type": "github"
      },
      "original": {
        "owner": "nix-community",
        "repo": "disko",
        "type": "github"
      }
    },
    "nixpkgs": {
      "locked": {
        "lastModified": 1727672256,
        "narHash": "sha256-9/79hjQc9+xyH+QxeMcRsA6hDyw6Z9Eo1/oxjvwirLk=",
        "owner": "NixOS",
        "repo": "nixpkgs",
        "rev": "1719f27dd95fd4206afb9cec9f415b539978827e",
        "type": "github"
      },
      "original": {
        "owner": "NixOS",
        "ref": "nixos-24.05",
        "repo": "nixpkgs",
        "type": "github"
      }
    },
    "root": {
      "inputs": {
        "disko": "disko",
        "nixpkgs": "nixpkgs"
      }
    }
  },
  "root": "root",
  "version": 7
}
